// !$*UTF8*$!
{
	archiveVersion = 1;
	classes = {
	};
	objectVersion = 46;
	objects = {

/* Begin PBXBuildFile section */
		2C3C74E314282A0E00E7E63C /* BlowTorch.m in Sources */ = {isa = PBXBuildFile; fileRef = 2C3C74DC14282A0E00E7E63C /* BlowTorch.m */; };
		2C3C74E414282A0E00E7E63C /* JSONKit.m in Sources */ = {isa = PBXBuildFile; fileRef = 2C3C74DF14282A0E00E7E63C /* JSONKit.m */; settings = {COMPILER_FLAGS = "\"-fno-objc-arc\""; }; };
		2C3C74E514282A0E00E7E63C /* WebViewJavascriptBridge.m in Sources */ = {isa = PBXBuildFile; fileRef = 2C3C74E214282A0E00E7E63C /* WebViewJavascriptBridge.m */; };
		2CE94A251426BF16004D82DC /* UIKit.framework in Frameworks */ = {isa = PBXBuildFile; fileRef = 2CE94A241426BF16004D82DC /* UIKit.framework */; };
		2CE94A271426BF16004D82DC /* Foundation.framework in Frameworks */ = {isa = PBXBuildFile; fileRef = 2CE94A261426BF16004D82DC /* Foundation.framework */; };
		2CE94A2D1426BF16004D82DC /* InfoPlist.strings in Resources */ = {isa = PBXBuildFile; fileRef = 2CE94A2B1426BF16004D82DC /* InfoPlist.strings */; };
		2CE94A2F1426BF16004D82DC /* main.m in Sources */ = {isa = PBXBuildFile; fileRef = 2CE94A2E1426BF16004D82DC /* main.m */; };
		2CE94A331426BF16004D82DC /* AppDelegate.m in Sources */ = {isa = PBXBuildFile; fileRef = 2CE94A321426BF16004D82DC /* AppDelegate.m */; };
/* End PBXBuildFile section */

/* Begin PBXCopyFilesBuildPhase section */
		2C0E70CC1426DCAB00308838 /* CopyFiles */ = {
			isa = PBXCopyFilesBuildPhase;
			buildActionMask = 2147483647;
			dstPath = "";
			dstSubfolderSpec = 7;
			files = (
			);
			runOnlyForDeploymentPostprocessing = 0;
		};
/* End PBXCopyFilesBuildPhase section */

/* Begin PBXFileReference section */
		2C3C74DB14282A0E00E7E63C /* BlowTorch.h */ = {isa = PBXFileReference; fileEncoding = 4; lastKnownFileType = sourcecode.c.h; name = BlowTorch.h; path = ../../../blowtorch/ios/BlowTorch.h; sourceTree = "<group>"; };
		2C3C74DC14282A0E00E7E63C /* BlowTorch.m */ = {isa = PBXFileReference; fileEncoding = 4; lastKnownFileType = sourcecode.c.objc; name = BlowTorch.m; path = ../../../blowtorch/ios/BlowTorch.m; sourceTree = "<group>"; };
		2C3C74DE14282A0E00E7E63C /* JSONKit.h */ = {isa = PBXFileReference; fileEncoding = 4; lastKnownFileType = sourcecode.c.h; path = JSONKit.h; sourceTree = "<group>"; };
		2C3C74DF14282A0E00E7E63C /* JSONKit.m */ = {isa = PBXFileReference; fileEncoding = 4; lastKnownFileType = sourcecode.c.objc; path = JSONKit.m; sourceTree = "<group>"; };
		2C3C74E114282A0E00E7E63C /* WebViewJavascriptBridge.h */ = {isa = PBXFileReference; fileEncoding = 4; lastKnownFileType = sourcecode.c.h; path = WebViewJavascriptBridge.h; sourceTree = "<group>"; };
		2C3C74E214282A0E00E7E63C /* WebViewJavascriptBridge.m */ = {isa = PBXFileReference; fileEncoding = 4; lastKnownFileType = sourcecode.c.objc; path = WebViewJavascriptBridge.m; sourceTree = "<group>"; };
		2CE94A201426BF16004D82DC /* StayAccount.app */ = {isa = PBXFileReference; explicitFileType = wrapper.application; includeInIndex = 0; path = StayAccount.app; sourceTree = BUILT_PRODUCTS_DIR; };
		2CE94A241426BF16004D82DC /* UIKit.framework */ = {isa = PBXFileReference; lastKnownFileType = wrapper.framework; name = UIKit.framework; path = System/Library/Frameworks/UIKit.framework; sourceTree = SDKROOT; };
		2CE94A261426BF16004D82DC /* Foundation.framework */ = {isa = PBXFileReference; lastKnownFileType = wrapper.framework; name = Foundation.framework; path = System/Library/Frameworks/Foundation.framework; sourceTree = SDKROOT; };
		2CE94A2A1426BF16004D82DC /* StayAccount-Info.plist */ = {isa = PBXFileReference; lastKnownFileType = text.plist.xml; path = "StayAccount-Info.plist"; sourceTree = "<group>"; };
		2CE94A2C1426BF16004D82DC /* en */ = {isa = PBXFileReference; lastKnownFileType = text.plist.strings; name = en; path = en.lproj/InfoPlist.strings; sourceTree = "<group>"; };
		2CE94A2E1426BF16004D82DC /* main.m */ = {isa = PBXFileReference; lastKnownFileType = sourcecode.c.objc; path = main.m; sourceTree = "<group>"; };
		2CE94A301426BF16004D82DC /* StayAccount-Prefix.pch */ = {isa = PBXFileReference; lastKnownFileType = sourcecode.c.h; path = "StayAccount-Prefix.pch"; sourceTree = "<group>"; };
		2CE94A311426BF16004D82DC /* AppDelegate.h */ = {isa = PBXFileReference; lastKnownFileType = sourcecode.c.h; path = AppDelegate.h; sourceTree = "<group>"; };
		2CE94A321426BF16004D82DC /* AppDelegate.m */ = {isa = PBXFileReference; lastKnownFileType = sourcecode.c.objc; path = AppDelegate.m; sourceTree = "<group>"; };
/* End PBXFileReference section */

/* Begin PBXFrameworksBuildPhase section */
		2CE94A1D1426BF16004D82DC /* Frameworks */ = {
			isa = PBXFrameworksBuildPhase;
			buildActionMask = 2147483647;
			files = (
				2CE94A251426BF16004D82DC /* UIKit.framework in Frameworks */,
				2CE94A271426BF16004D82DC /* Foundation.framework in Frameworks */,
			);
			runOnlyForDeploymentPostprocessing = 0;
		};
/* End PBXFrameworksBuildPhase section */

/* Begin PBXGroup section */
		2C2AF22F1426C1B600374651 /* External */ = {
			isa = PBXGroup;
			children = (
				2C3C74DB14282A0E00E7E63C /* BlowTorch.h */,
				2C3C74DC14282A0E00E7E63C /* BlowTorch.m */,
				2C3C74DD14282A0E00E7E63C /* JSONKit */,
				2C3C74E014282A0E00E7E63C /* WebViewJavascriptBridge */,
			);
			name = External;
			sourceTree = "<group>";
		};
		2C3C74DD14282A0E00E7E63C /* JSONKit */ = {
			isa = PBXGroup;
			children = (
				2C3C74DE14282A0E00E7E63C /* JSONKit.h */,
				2C3C74DF14282A0E00E7E63C /* JSONKit.m */,
			);
			name = JSONKit;
			path = ../../../blowtorch/ios/JSONKit;
			sourceTree = "<group>";
		};
		2C3C74E014282A0E00E7E63C /* WebViewJavascriptBridge */ = {
			isa = PBXGroup;
			children = (
				2C3C74E114282A0E00E7E63C /* WebViewJavascriptBridge.h */,
				2C3C74E214282A0E00E7E63C /* WebViewJavascriptBridge.m */,
			);
			name = WebViewJavascriptBridge;
			path = ../../../blowtorch/ios/WebViewJavascriptBridge;
			sourceTree = "<group>";
		};
		2CE94A151426BF16004D82DC = {
			isa = PBXGroup;
			children = (
				2CE94A281426BF16004D82DC /* StayAccount */,
				2CE94A231426BF16004D82DC /* Frameworks */,
				2CE94A211426BF16004D82DC /* Products */,
			);
			sourceTree = "<group>";
		};
		2CE94A211426BF16004D82DC /* Products */ = {
			isa = PBXGroup;
			children = (
				2CE94A201426BF16004D82DC /* StayAccount.app */,
			);
			name = Products;
			sourceTree = "<group>";
		};
		2CE94A231426BF16004D82DC /* Frameworks */ = {
			isa = PBXGroup;
			children = (
				2CE94A241426BF16004D82DC /* UIKit.framework */,
				2CE94A261426BF16004D82DC /* Foundation.framework */,
			);
			name = Frameworks;
			sourceTree = "<group>";
		};
		2CE94A281426BF16004D82DC /* StayAccount */ = {
			isa = PBXGroup;
			children = (
				2CE94A311426BF16004D82DC /* AppDelegate.h */,
				2CE94A321426BF16004D82DC /* AppDelegate.m */,
				2C2AF22F1426C1B600374651 /* External */,
				2CE94A291426BF16004D82DC /* Supporting Files */,
			);
			path = StayAccount;
			sourceTree = "<group>";
		};
		2CE94A291426BF16004D82DC /* Supporting Files */ = {
			isa = PBXGroup;
			children = (
				2CE94A2A1426BF16004D82DC /* StayAccount-Info.plist */,
				2CE94A2B1426BF16004D82DC /* InfoPlist.strings */,
				2CE94A2E1426BF16004D82DC /* main.m */,
				2CE94A301426BF16004D82DC /* StayAccount-Prefix.pch */,
			);
			name = "Supporting Files";
			sourceTree = "<group>";
		};
/* End PBXGroup section */

/* Begin PBXNativeTarget section */
		2CE94A1F1426BF16004D82DC /* StayAccount */ = {
			isa = PBXNativeTarget;
			buildConfigurationList = 2CE94A361426BF16004D82DC /* Build configuration list for PBXNativeTarget "StayAccount" */;
			buildPhases = (
				2CE94A1C1426BF16004D82DC /* Sources */,
				2CE94A1D1426BF16004D82DC /* Frameworks */,
				2CE94A1E1426BF16004D82DC /* Resources */,
				2C0E70CC1426DCAB00308838 /* CopyFiles */,
			);
			buildRules = (
			);
			dependencies = (
			);
			name = StayAccount;
			productName = StayAccount;
			productReference = 2CE94A201426BF16004D82DC /* StayAccount.app */;
			productType = "com.apple.product-type.application";
		};
/* End PBXNativeTarget section */

/* Begin PBXProject section */
		2CE94A171426BF16004D82DC /* Project object */ = {
			isa = PBXProject;
			attributes = {
				LastUpgradeCheck = 0420;
				ORGANIZATIONNAME = Clover;
			};
			buildConfigurationList = 2CE94A1A1426BF16004D82DC /* Build configuration list for PBXProject "StayAccount" */;
			compatibilityVersion = "Xcode 3.2";
			developmentRegion = English;
			hasScannedForEncodings = 0;
			knownRegions = (
				en,
			);
			mainGroup = 2CE94A151426BF16004D82DC;
			productRefGroup = 2CE94A211426BF16004D82DC /* Products */;
			projectDirPath = "";
			projectRoot = "";
			targets = (
				2CE94A1F1426BF16004D82DC /* StayAccount */,
			);
		};
/* End PBXProject section */

/* Begin PBXResourcesBuildPhase section */
		2CE94A1E1426BF16004D82DC /* Resources */ = {
			isa = PBXResourcesBuildPhase;
			buildActionMask = 2147483647;
			files = (
				2CE94A2D1426BF16004D82DC /* InfoPlist.strings in Resources */,
			);
			runOnlyForDeploymentPostprocessing = 0;
		};
/* End PBXResourcesBuildPhase section */

/* Begin PBXSourcesBuildPhase section */
		2CE94A1C1426BF16004D82DC /* Sources */ = {
			isa = PBXSourcesBuildPhase;
			buildActionMask = 2147483647;
			files = (
				2CE94A2F1426BF16004D82DC /* main.m in Sources */,
				2CE94A331426BF16004D82DC /* AppDelegate.m in Sources */,
				2C3C74E314282A0E00E7E63C /* BlowTorch.m in Sources */,
				2C3C74E414282A0E00E7E63C /* JSONKit.m in Sources */,
				2C3C74E514282A0E00E7E63C /* WebViewJavascriptBridge.m in Sources */,
			);
			runOnlyForDeploymentPostprocessing = 0;
		};
/* End PBXSourcesBuildPhase section */

/* Begin PBXVariantGroup section */
		2CE94A2B1426BF16004D82DC /* InfoPlist.strings */ = {
			isa = PBXVariantGroup;
			children = (
				2CE94A2C1426BF16004D82DC /* en */,
			);
			name = InfoPlist.strings;
			sourceTree = "<group>";
		};
/* End PBXVariantGroup section */

/* Begin XCBuildConfiguration section */
		2CE94A341426BF16004D82DC /* Debug */ = {
			isa = XCBuildConfiguration;
			buildSettings = {
				ALWAYS_SEARCH_USER_PATHS = NO;
				ARCHS = "$(ARCHS_STANDARD_32_BIT)";
				CLANG_ENABLE_OBJC_ARC = YES;
				"CODE_SIGN_IDENTITY[sdk=iphoneos*]" = "iPhone Developer";
				COPY_PHASE_STRIP = NO;
				GCC_C_LANGUAGE_STANDARD = gnu99;
				GCC_DYNAMIC_NO_PIC = NO;
				GCC_OPTIMIZATION_LEVEL = 0;
				GCC_PREPROCESSOR_DEFINITIONS = (
					"DEBUG=1",
					"$(inherited)",
				);
				GCC_SYMBOLS_PRIVATE_EXTERN = NO;
				GCC_VERSION = com.apple.compilers.llvm.clang.1_0;
				GCC_WARN_ABOUT_MISSING_PROTOTYPES = YES;
				GCC_WARN_ABOUT_RETURN_TYPE = YES;
				GCC_WARN_UNUSED_VARIABLE = YES;
				IPHONEOS_DEPLOYMENT_TARGET = 5.0;
				SDKROOT = iphoneos;
				TARGETED_DEVICE_FAMILY = "1,2";
			};
			name = Debug;
		};
		2CE94A351426BF16004D82DC /* Release */ = {
			isa = XCBuildConfiguration;
			buildSettings = {
				ALWAYS_SEARCH_USER_PATHS = NO;
				ARCHS = "$(ARCHS_STANDARD_32_BIT)";
				CLANG_ENABLE_OBJC_ARC = YES;
				"CODE_SIGN_IDENTITY[sdk=iphoneos*]" = "iPhone Developer";
				COPY_PHASE_STRIP = YES;
				GCC_C_LANGUAGE_STANDARD = gnu99;
				GCC_VERSION = com.apple.compilers.llvm.clang.1_0;
				GCC_WARN_ABOUT_MISSING_PROTOTYPES = YES;
				GCC_WARN_ABOUT_RETURN_TYPE = YES;
				GCC_WARN_UNUSED_VARIABLE = YES;
				IPHONEOS_DEPLOYMENT_TARGET = 5.0;
				OTHER_CFLAGS = "-DNS_BLOCK_ASSERTIONS=1";
				SDKROOT = iphoneos;
				TARGETED_DEVICE_FAMILY = "1,2";
				VALIDATE_PRODUCT = YES;
			};
			name = Release;
		};
		2CE94A371426BF16004D82DC /* Debug */ = {
			isa = XCBuildConfiguration;
			buildSettings = {
				GCC_PRECOMPILE_PREFIX_HEADER = YES;
				GCC_PREFIX_HEADER = "StayAccount/StayAccount-Prefix.pch";
				INFOPLIST_FILE = "StayAccount/StayAccount-Info.plist";
				PRODUCT_NAME = "$(TARGET_NAME)";
				WRAPPER_EXTENSION = app;
			};
			name = Debug;
		};
		2CE94A381426BF16004D82DC /* Release */ = {
			isa = XCBuildConfiguration;
			buildSettings = {
				GCC_PRECOMPILE_PREFIX_HEADER = YES;
				GCC_PREFIX_HEADER = "StayAccount/StayAccount-Prefix.pch";
				INFOPLIST_FILE = "StayAccount/StayAccount-Info.plist";
				PRODUCT_NAME = "$(TARGET_NAME)";
				WRAPPER_EXTENSION = app;
			};
			name = Release;
		};
/* End XCBuildConfiguration section */

/* Begin XCConfigurationList section */
		2CE94A1A1426BF16004D82DC /* Build configuration list for PBXProject "StayAccount" */ = {
			isa = XCConfigurationList;
			buildConfigurations = (
				2CE94A341426BF16004D82DC /* Debug */,
				2CE94A351426BF16004D82DC /* Release */,
			);
			defaultConfigurationIsVisible = 0;
			defaultConfigurationName = Release;
		};
		2CE94A361426BF16004D82DC /* Build configuration list for PBXNativeTarget "StayAccount" */ = {
			isa = XCConfigurationList;
			buildConfigurations = (
				2CE94A371426BF16004D82DC /* Debug */,
				2CE94A381426BF16004D82DC /* Release */,
			);
			defaultConfigurationIsVisible = 0;
			defaultConfigurationName = Release;
		};
/* End XCConfigurationList section */
	};
	rootObject = 2CE94A171426BF16004D82DC /* Project object */;
}
