// !$*UTF8*$!
{
	archiveVersion = 1;
	classes = {
	};
	objectVersion = 46;
	objects = {

/* Begin PBXBuildFile section */
		2C383557142976EF00528D15 /* libsqlite3.0.dylib in Frameworks */ = {isa = PBXBuildFile; fileRef = 2C383556142976EF00528D15 /* libsqlite3.0.dylib */; };
		2C52345A1437F38900B991B8 /* schema.sql in Resources */ = {isa = PBXBuildFile; fileRef = 2C5234591437F38900B991B8 /* schema.sql */; };
		2C6ACD251439AD0900C9E6CA /* app.js.ios-build in Resources */ = {isa = PBXBuildFile; fileRef = 2C6ACD241439AD0900C9E6CA /* app.js.ios-build */; };
		2C6D2129142FDF1E0069FA34 /* WebViewJavascriptBridge.m in Sources */ = {isa = PBXBuildFile; fileRef = 2C6D2128142FDF1E0069FA34 /* WebViewJavascriptBridge.m */; };
		2CAD8C7A142F1459004F66C1 /* BlowTorch.m in Sources */ = {isa = PBXBuildFile; fileRef = 2CAD8C73142F1459004F66C1 /* BlowTorch.m */; };
		2CAD8C7B142F1459004F66C1 /* JSONKit.m in Sources */ = {isa = PBXBuildFile; fileRef = 2CAD8C76142F1459004F66C1 /* JSONKit.m */; settings = {COMPILER_FLAGS = "-fno-objc-arc"; }; };
		2CAD8C7F142F14D9004F66C1 /* Storage.m in Sources */ = {isa = PBXBuildFile; fileRef = 2CAD8C7E142F14D9004F66C1 /* Storage.m */; };
		2CAD8C85142F150E004F66C1 /* FMDatabase.m in Sources */ = {isa = PBXBuildFile; fileRef = 2CAD8C82142F150E004F66C1 /* FMDatabase.m */; settings = {COMPILER_FLAGS = "-fno-objc-arc"; }; };
		2CAD8C86142F150E004F66C1 /* FMResultSet.m in Sources */ = {isa = PBXBuildFile; fileRef = 2CAD8C84142F150E004F66C1 /* FMResultSet.m */; settings = {COMPILER_FLAGS = "-fno-objc-arc"; }; };
		2CE94A251426BF16004D82DC /* UIKit.framework in Frameworks */ = {isa = PBXBuildFile; fileRef = 2CE94A241426BF16004D82DC /* UIKit.framework */; };
		2CE94A271426BF16004D82DC /* Foundation.framework in Frameworks */ = {isa = PBXBuildFile; fileRef = 2CE94A261426BF16004D82DC /* Foundation.framework */; };
		2CE94A2D1426BF16004D82DC /* InfoPlist.strings in Resources */ = {isa = PBXBuildFile; fileRef = 2CE94A2B1426BF16004D82DC /* InfoPlist.strings */; };
		2CE94A2F1426BF16004D82DC /* main.m in Sources */ = {isa = PBXBuildFile; fileRef = 2CE94A2E1426BF16004D82DC /* main.m */; };
		2CE94A331426BF16004D82DC /* AppDelegate.m in Sources */ = {isa = PBXBuildFile; fileRef = 2CE94A321426BF16004D82DC /* AppDelegate.m */; };
/* End PBXBuildFile section */

/* Begin PBXCopyFilesBuildPhase section */
		2C0E70CC1426DCAB00308838 /* CopyFiles */ = {
			isa = PBXCopyFilesBuildPhase;
			buildActionMask = 2147483647;
			dstPath = "";
			dstSubfolderSpec = 7;
			files = (
			);
			runOnlyForDeploymentPostprocessing = 0;
		};
/* End PBXCopyFilesBuildPhase section */

/* Begin PBXFileReference section */
		2C383556142976EF00528D15 /* libsqlite3.0.dylib */ = {isa = PBXFileReference; lastKnownFileType = "compiled.mach-o.dylib"; name = libsqlite3.0.dylib; path = usr/lib/libsqlite3.0.dylib; sourceTree = SDKROOT; };
		2C5234591437F38900B991B8 /* schema.sql */ = {isa = PBXFileReference; fileEncoding = 4; lastKnownFileType = text; name = schema.sql; path = ../../schema.sql; sourceTree = "<group>"; };
		2C6ACD241439AD0900C9E6CA /* app.js.ios-build */ = {isa = PBXFileReference; fileEncoding = 4; lastKnownFileType = text; name = "app.js.ios-build"; path = "../../js/app.js.ios-build"; sourceTree = "<group>"; };
		2C6D2127142FDF1E0069FA34 /* WebViewJavascriptBridge.h */ = {isa = PBXFileReference; fileEncoding = 4; lastKnownFileType = sourcecode.c.h; path = WebViewJavascriptBridge.h; sourceTree = "<group>"; };
		2C6D2128142FDF1E0069FA34 /* WebViewJavascriptBridge.m */ = {isa = PBXFileReference; fileEncoding = 4; lastKnownFileType = sourcecode.c.objc; path = WebViewJavascriptBridge.m; sourceTree = "<group>"; };
		2CAD8C72142F1459004F66C1 /* BlowTorch.h */ = {isa = PBXFileReference; fileEncoding = 4; lastKnownFileType = sourcecode.c.h; path = BlowTorch.h; sourceTree = "<group>"; };
		2CAD8C73142F1459004F66C1 /* BlowTorch.m */ = {isa = PBXFileReference; fileEncoding = 4; lastKnownFileType = sourcecode.c.objc; path = BlowTorch.m; sourceTree = "<group>"; };
		2CAD8C75142F1459004F66C1 /* JSONKit.h */ = {isa = PBXFileReference; fileEncoding = 4; lastKnownFileType = sourcecode.c.h; path = JSONKit.h; sourceTree = "<group>"; };
		2CAD8C76142F1459004F66C1 /* JSONKit.m */ = {isa = PBXFileReference; fileEncoding = 4; lastKnownFileType = sourcecode.c.objc; path = JSONKit.m; sourceTree = "<group>"; };
		2CAD8C7D142F14D9004F66C1 /* Storage.h */ = {isa = PBXFileReference; fileEncoding = 4; lastKnownFileType = sourcecode.c.h; path = Storage.h; sourceTree = "<group>"; };
		2CAD8C7E142F14D9004F66C1 /* Storage.m */ = {isa = PBXFileReference; fileEncoding = 4; lastKnownFileType = sourcecode.c.objc; path = Storage.m; sourceTree = "<group>"; };
		2CAD8C81142F150E004F66C1 /* FMDatabase.h */ = {isa = PBXFileReference; fileEncoding = 4; lastKnownFileType = sourcecode.c.h; name = FMDatabase.h; path = ../dependencies/fmdb/src/FMDatabase.h; sourceTree = "<group>"; };
		2CAD8C82142F150E004F66C1 /* FMDatabase.m */ = {isa = PBXFileReference; fileEncoding = 4; lastKnownFileType = sourcecode.c.objc; name = FMDatabase.m; path = ../dependencies/fmdb/src/FMDatabase.m; sourceTree = "<group>"; };
		2CAD8C83142F150E004F66C1 /* FMResultSet.h */ = {isa = PBXFileReference; fileEncoding = 4; lastKnownFileType = sourcecode.c.h; name = FMResultSet.h; path = ../dependencies/fmdb/src/FMResultSet.h; sourceTree = "<group>"; };
		2CAD8C84142F150E004F66C1 /* FMResultSet.m */ = {isa = PBXFileReference; fileEncoding = 4; lastKnownFileType = sourcecode.c.objc; name = FMResultSet.m; path = ../dependencies/fmdb/src/FMResultSet.m; sourceTree = "<group>"; };
		2CE94A201426BF16004D82DC /* StayAccount.app */ = {isa = PBXFileReference; explicitFileType = wrapper.application; includeInIndex = 0; path = StayAccount.app; sourceTree = BUILT_PRODUCTS_DIR; };
		2CE94A241426BF16004D82DC /* UIKit.framework */ = {isa = PBXFileReference; lastKnownFileType = wrapper.framework; name = UIKit.framework; path = System/Library/Frameworks/UIKit.framework; sourceTree = SDKROOT; };
		2CE94A261426BF16004D82DC /* Foundation.framework */ = {isa = PBXFileReference; lastKnownFileType = wrapper.framework; name = Foundation.framework; path = System/Library/Frameworks/Foundation.framework; sourceTree = SDKROOT; };
		2CE94A2A1426BF16004D82DC /* StayAccount-Info.plist */ = {isa = PBXFileReference; lastKnownFileType = text.plist.xml; path = "StayAccount-Info.plist"; sourceTree = "<group>"; };
		2CE94A2C1426BF16004D82DC /* en */ = {isa = PBXFileReference; lastKnownFileType = text.plist.strings; name = en; path = en.lproj/InfoPlist.strings; sourceTree = "<group>"; };
		2CE94A2E1426BF16004D82DC /* main.m */ = {isa = PBXFileReference; lastKnownFileType = sourcecode.c.objc; path = main.m; sourceTree = "<group>"; };
		2CE94A301426BF16004D82DC /* StayAccount-Prefix.pch */ = {isa = PBXFileReference; lastKnownFileType = sourcecode.c.h; path = "StayAccount-Prefix.pch"; sourceTree = "<group>"; };
		2CE94A311426BF16004D82DC /* AppDelegate.h */ = {isa = PBXFileReference; lastKnownFileType = sourcecode.c.h; path = AppDelegate.h; sourceTree = "<group>"; };
		2CE94A321426BF16004D82DC /* AppDelegate.m */ = {isa = PBXFileReference; lastKnownFileType = sourcecode.c.objc; path = AppDelegate.m; sourceTree = "<group>"; };
/* End PBXFileReference section */

/* Begin PBXFrameworksBuildPhase section */
		2CE94A1D1426BF16004D82DC /* Frameworks */ = {
			isa = PBXFrameworksBuildPhase;
			buildActionMask = 2147483647;
			files = (
				2C383557142976EF00528D15 /* libsqlite3.0.dylib in Frameworks */,
				2CE94A251426BF16004D82DC /* UIKit.framework in Frameworks */,
				2CE94A271426BF16004D82DC /* Foundation.framework in Frameworks */,
			);
			runOnlyForDeploymentPostprocessing = 0;
		};
/* End PBXFrameworksBuildPhase section */

/* Begin PBXGroup section */
		2C580BDA142ED3C6001BEF1A /* Dependencies */ = {
			isa = PBXGroup;
			children = (
				2CAD8C80142F1504004F66C1 /* fmdb */,
				2CAD8C71142F1459004F66C1 /* BlowTorch-iOS */,
			);
			name = Dependencies;
			sourceTree = "<group>";
		};
		2C6D2126142FDF1E0069FA34 /* WebViewJavascriptBridge */ = {
			isa = PBXGroup;
			children = (
				2C6D2127142FDF1E0069FA34 /* WebViewJavascriptBridge.h */,
				2C6D2128142FDF1E0069FA34 /* WebViewJavascriptBridge.m */,
			);
			path = WebViewJavascriptBridge;
			sourceTree = "<group>";
		};
		2CAD8C71142F1459004F66C1 /* BlowTorch-iOS */ = {
			isa = PBXGroup;
			children = (
				2CAD8C72142F1459004F66C1 /* BlowTorch.h */,
				2CAD8C73142F1459004F66C1 /* BlowTorch.m */,
				2CAD8C74142F1459004F66C1 /* JSONKit */,
				2C6D2126142FDF1E0069FA34 /* WebViewJavascriptBridge */,
			);
			name = "BlowTorch-iOS";
			path = "../dependencies/BlowTorch/BlowTorch-iOS";
			sourceTree = "<group>";
		};
		2CAD8C74142F1459004F66C1 /* JSONKit */ = {
			isa = PBXGroup;
			children = (
				2CAD8C75142F1459004F66C1 /* JSONKit.h */,
				2CAD8C76142F1459004F66C1 /* JSONKit.m */,
			);
			path = JSONKit;
			sourceTree = "<group>";
		};
		2CAD8C80142F1504004F66C1 /* fmdb */ = {
			isa = PBXGroup;
			children = (
				2CAD8C81142F150E004F66C1 /* FMDatabase.h */,
				2CAD8C82142F150E004F66C1 /* FMDatabase.m */,
				2CAD8C83142F150E004F66C1 /* FMResultSet.h */,
				2CAD8C84142F150E004F66C1 /* FMResultSet.m */,
			);
			name = fmdb;
			sourceTree = "<group>";
		};
		2CE94A151426BF16004D82DC = {
			isa = PBXGroup;
			children = (
				2C383556142976EF00528D15 /* libsqlite3.0.dylib */,
				2CE94A281426BF16004D82DC /* StayAccount */,
				2C580BDA142ED3C6001BEF1A /* Dependencies */,
				2CE94A231426BF16004D82DC /* Frameworks */,
				2CE94A211426BF16004D82DC /* Products */,
			);
			sourceTree = "<group>";
		};
		2CE94A211426BF16004D82DC /* Products */ = {
			isa = PBXGroup;
			children = (
				2CE94A201426BF16004D82DC /* StayAccount.app */,
			);
			name = Products;
			sourceTree = "<group>";
		};
		2CE94A231426BF16004D82DC /* Frameworks */ = {
			isa = PBXGroup;
			children = (
				2CE94A241426BF16004D82DC /* UIKit.framework */,
				2CE94A261426BF16004D82DC /* Foundation.framework */,
			);
			name = Frameworks;
			sourceTree = "<group>";
		};
		2CE94A281426BF16004D82DC /* StayAccount */ = {
			isa = PBXGroup;
			children = (
				2C5234591437F38900B991B8 /* schema.sql */,
				2CE94A311426BF16004D82DC /* AppDelegate.h */,
				2CE94A321426BF16004D82DC /* AppDelegate.m */,
				2CAD8C7D142F14D9004F66C1 /* Storage.h */,
				2CAD8C7E142F14D9004F66C1 /* Storage.m */,
				2CE94A291426BF16004D82DC /* Supporting Files */,
			);
			path = StayAccount;
			sourceTree = "<group>";
		};
		2CE94A291426BF16004D82DC /* Supporting Files */ = {
			isa = PBXGroup;
			children = (
				2C6ACD241439AD0900C9E6CA /* app.js.ios-build */,
				2CE94A2A1426BF16004D82DC /* StayAccount-Info.plist */,
				2CE94A2B1426BF16004D82DC /* InfoPlist.strings */,
				2CE94A2E1426BF16004D82DC /* main.m */,
				2CE94A301426BF16004D82DC /* StayAccount-Prefix.pch */,
			);
			name = "Supporting Files";
			sourceTree = "<group>";
		};
/* End PBXGroup section */

/* Begin PBXNativeTarget section */
		2CE94A1F1426BF16004D82DC /* StayAccount */ = {
			isa = PBXNativeTarget;
			buildConfigurationList = 2CE94A361426BF16004D82DC /* Build configuration list for PBXNativeTarget "StayAccount" */;
			buildPhases = (
				2CE94A1C1426BF16004D82DC /* Sources */,
				2CE94A1D1426BF16004D82DC /* Frameworks */,
				2CE94A1E1426BF16004D82DC /* Resources */,
				2C0E70CC1426DCAB00308838 /* CopyFiles */,
			);
			buildRules = (
			);
			dependencies = (
			);
			name = StayAccount;
			productName = StayAccount;
			productReference = 2CE94A201426BF16004D82DC /* StayAccount.app */;
			productType = "com.apple.product-type.application";
		};
/* End PBXNativeTarget section */

/* Begin PBXProject section */
		2CE94A171426BF16004D82DC /* Project object */ = {
			isa = PBXProject;
			attributes = {
				LastUpgradeCheck = 0420;
				ORGANIZATIONNAME = Clover;
			};
			buildConfigurationList = 2CE94A1A1426BF16004D82DC /* Build configuration list for PBXProject "StayAccount" */;
			compatibilityVersion = "Xcode 3.2";
			developmentRegion = English;
			hasScannedForEncodings = 0;
			knownRegions = (
				en,
			);
			mainGroup = 2CE94A151426BF16004D82DC;
			productRefGroup = 2CE94A211426BF16004D82DC /* Products */;
			projectDirPath = "";
			projectRoot = "";
			targets = (
				2CE94A1F1426BF16004D82DC /* StayAccount */,
			);
		};
/* End PBXProject section */

/* Begin PBXResourcesBuildPhase section */
		2CE94A1E1426BF16004D82DC /* Resources */ = {
			isa = PBXResourcesBuildPhase;
			buildActionMask = 2147483647;
			files = (
				2CE94A2D1426BF16004D82DC /* InfoPlist.strings in Resources */,
				2C52345A1437F38900B991B8 /* schema.sql in Resources */,
				2C6ACD251439AD0900C9E6CA /* app.js.ios-build in Resources */,
			);
			runOnlyForDeploymentPostprocessing = 0;
		};
/* End PBXResourcesBuildPhase section */

/* Begin PBXSourcesBuildPhase section */
		2CE94A1C1426BF16004D82DC /* Sources */ = {
			isa = PBXSourcesBuildPhase;
			buildActionMask = 2147483647;
			files = (
				2CE94A2F1426BF16004D82DC /* main.m in Sources */,
				2CE94A331426BF16004D82DC /* AppDelegate.m in Sources */,
				2CAD8C7A142F1459004F66C1 /* BlowTorch.m in Sources */,
				2CAD8C7B142F1459004F66C1 /* JSONKit.m in Sources */,
				2CAD8C7F142F14D9004F66C1 /* Storage.m in Sources */,
				2CAD8C85142F150E004F66C1 /* FMDatabase.m in Sources */,
				2CAD8C86142F150E004F66C1 /* FMResultSet.m in Sources */,
				2C6D2129142FDF1E0069FA34 /* WebViewJavascriptBridge.m in Sources */,
			);
			runOnlyForDeploymentPostprocessing = 0;
		};
/* End PBXSourcesBuildPhase section */

/* Begin PBXVariantGroup section */
		2CE94A2B1426BF16004D82DC /* InfoPlist.strings */ = {
			isa = PBXVariantGroup;
			children = (
				2CE94A2C1426BF16004D82DC /* en */,
			);
			name = InfoPlist.strings;
			sourceTree = "<group>";
		};
/* End PBXVariantGroup section */

/* Begin XCBuildConfiguration section */
		2CE94A341426BF16004D82DC /* Debug */ = {
			isa = XCBuildConfiguration;
			buildSettings = {
				ALWAYS_SEARCH_USER_PATHS = NO;
				ARCHS = "$(ARCHS_STANDARD_32_BIT)";
				CLANG_ENABLE_OBJC_ARC = YES;
				"CODE_SIGN_IDENTITY[sdk=iphoneos*]" = "iPhone Developer";
				COPY_PHASE_STRIP = NO;
				GCC_C_LANGUAGE_STANDARD = gnu99;
				GCC_DYNAMIC_NO_PIC = NO;
				GCC_OPTIMIZATION_LEVEL = 0;
				GCC_PREPROCESSOR_DEFINITIONS = (
					"DEBUG=1",
					"$(inherited)",
				);
				GCC_SYMBOLS_PRIVATE_EXTERN = NO;
				GCC_VERSION = com.apple.compilers.llvm.clang.1_0;
				GCC_WARN_ABOUT_MISSING_PROTOTYPES = YES;
				GCC_WARN_ABOUT_RETURN_TYPE = YES;
				GCC_WARN_UNUSED_VARIABLE = YES;
				IPHONEOS_DEPLOYMENT_TARGET = 4.3;
				SDKROOT = iphoneos;
				TARGETED_DEVICE_FAMILY = "1,2";
			};
			name = Debug;
		};
		2CE94A351426BF16004D82DC /* Release */ = {
			isa = XCBuildConfiguration;
			buildSettings = {
				ALWAYS_SEARCH_USER_PATHS = NO;
				ARCHS = "$(ARCHS_STANDARD_32_BIT)";
				CLANG_ENABLE_OBJC_ARC = YES;
				"CODE_SIGN_IDENTITY[sdk=iphoneos*]" = "iPhone Developer";
				COPY_PHASE_STRIP = YES;
				GCC_C_LANGUAGE_STANDARD = gnu99;
				GCC_VERSION = com.apple.compilers.llvm.clang.1_0;
				GCC_WARN_ABOUT_MISSING_PROTOTYPES = YES;
				GCC_WARN_ABOUT_RETURN_TYPE = YES;
				GCC_WARN_UNUSED_VARIABLE = YES;
				IPHONEOS_DEPLOYMENT_TARGET = 4.3;
				OTHER_CFLAGS = "-DNS_BLOCK_ASSERTIONS=1";
				SDKROOT = iphoneos;
				TARGETED_DEVICE_FAMILY = "1,2";
				VALIDATE_PRODUCT = YES;
			};
			name = Release;
		};
		2CE94A371426BF16004D82DC /* Debug */ = {
			isa = XCBuildConfiguration;
			buildSettings = {
				GCC_PRECOMPILE_PREFIX_HEADER = YES;
				GCC_PREFIX_HEADER = "StayAccount/StayAccount-Prefix.pch";
				INFOPLIST_FILE = "StayAccount/StayAccount-Info.plist";
				PRODUCT_NAME = "$(TARGET_NAME)";
				TARGETED_DEVICE_FAMILY = 1;
				WRAPPER_EXTENSION = app;
			};
			name = Debug;
		};
		2CE94A381426BF16004D82DC /* Release */ = {
			isa = XCBuildConfiguration;
			buildSettings = {
				GCC_PRECOMPILE_PREFIX_HEADER = YES;
				GCC_PREFIX_HEADER = "StayAccount/StayAccount-Prefix.pch";
				INFOPLIST_FILE = "StayAccount/StayAccount-Info.plist";
				PRODUCT_NAME = "$(TARGET_NAME)";
				TARGETED_DEVICE_FAMILY = 1;
				WRAPPER_EXTENSION = app;
			};
			name = Release;
		};
/* End XCBuildConfiguration section */

/* Begin XCConfigurationList section */
		2CE94A1A1426BF16004D82DC /* Build configuration list for PBXProject "StayAccount" */ = {
			isa = XCConfigurationList;
			buildConfigurations = (
				2CE94A341426BF16004D82DC /* Debug */,
				2CE94A351426BF16004D82DC /* Release */,
			);
			defaultConfigurationIsVisible = 0;
			defaultConfigurationName = Release;
		};
		2CE94A361426BF16004D82DC /* Build configuration list for PBXNativeTarget "StayAccount" */ = {
			isa = XCConfigurationList;
			buildConfigurations = (
				2CE94A371426BF16004D82DC /* Debug */,
				2CE94A381426BF16004D82DC /* Release */,
			);
			defaultConfigurationIsVisible = 0;
			defaultConfigurationName = Release;
		};
/* End XCConfigurationList section */
	};
	rootObject = 2CE94A171426BF16004D82DC /* Project object */;
}
